Microsoft Visual Studio Solution File, Format Version 12.00
# Visual Studio Version 17
VisualStudioVersion = 17.4.33122.133
MinimumVisualStudioVersion = 10.0.40219.1
Project("{FAE04EC0-301F-11D3-BF4B-00C04F79EFBC}") = "csharp", "csharp.csproj", "{176C0214-9136-4079-8DAB-11D7420C3881}"
EndProject
Project("{2150E333-8FDC-42A3-9474-1A3956D46DE8}") = "Projektmappenelemente", "Projektmappenelemente", "{110B1ADA-B535-4DD7-842F-6BA2D194B169}"
	ProjectSection(SolutionItems) = preProject
		CurrentTestResults.txt = CurrentTestResults.txt
	EndProjectSection
EndProject
Global
	GlobalSection(SolutionConfigurationPlatforms) = preSolution
		Debug|Any CPU = Debug|Any CPU
		Debug|x64 = Debug|x64
		Release|Any CPU = Release|Any CPU
		Release|x64 = Release|x64
	EndGlobalSection
	GlobalSection(ProjectConfigurationPlatforms) = postSolution
		{176C0214-9136-4079-8DAB-11D7420C3881}.Debug|Any CPU.ActiveCfg = Debug|Any CPU
		{176C0214-9136-4079-8DAB-11D7420C3881}.Debug|Any CPU.Build.0 = Debug|Any CPU
		{176C0214-9136-4079-8DAB-11D7420C3881}.Debug|x64.ActiveCfg = Debug|x64
		{176C0214-9136-4079-8DAB-11D7420C3881}.Debug|x64.Build.0 = Debug|x64
		{176C0214-9136-4079-8DAB-11D7420C3881}.Release|Any CPU.ActiveCfg = Release|Any CPU
		{176C0214-9136-4079-8DAB-11D7420C3881}.Release|Any CPU.Build.0 = Release|Any CPU
		{176C0214-9136-4079-8DAB-11D7420C3881}.Release|x64.ActiveCfg = Release|x64
		{176C0214-9136-4079-8DAB-11D7420C3881}.Release|x64.Build.0 = Release|x64
	EndGlobalSection
	GlobalSection(SolutionProperties) = preSolution
		HideSolutionNode = FALSE
	EndGlobalSection
	GlobalSection(ExtensibilityGlobals) = postSolution
		SolutionGuid = {FD571CA5-825C-4B83-B331-6B2E22A5AA74}
	EndGlobalSection
EndGlobal
